
Microsoft Visual Studio Solution File, Format Version 12.00
# Visual Studio 14
VisualStudioVersion = 14.0.23107.0
MinimumVisualStudioVersion = 10.0.40219.1
Project("{8BC9CEB8-8B4A-11D0-8D11-00A0C91BC942}") = "SemiExp", "SemiExp\SemiExp.vcxproj", "{C1131546-C8AE-4A24-A866-4A28DFDB72B9}"
EndProject
Project("{8BC9CEB8-8B4A-11D0-8D11-00A0C91BC942}") = "Tokenizer", "Tokenizer\Tokenizer.vcxproj", "{FD63AD3D-4A25-4F5C-BD43-1E19192357F2}"
EndProject
Project("{2150E333-8FDC-42A3-9474-1A3956D46DE8}") = "Solution Items", "Solution Items", "{FD491DD3-2F15-474D-B052-5093113CDF02}"
EndProject
Project("{8BC9CEB8-8B4A-11D0-8D11-00A0C91BC942}") = "Utilities", "Utilities\Utilities.vcxproj", "{462B43B2-8B13-4178-BF2A-903F76F1985C}"
EndProject
Project("{8BC9CEB8-8B4A-11D0-8D11-00A0C91BC942}") = "Parser", "Parser\Parser.vcxproj", "{25FA2272-CE49-48F3-99DC-54F40F531D4F}"
EndProject
Project("{8BC9CEB8-8B4A-11D0-8D11-00A0C91BC942}") = "FileMgr", "FileMgr\FileMgr.vcxproj", "{C82E5AAA-C68E-4C54-8D06-7E0F89440E56}"
EndProject
Project("{8BC9CEB8-8B4A-11D0-8D11-00A0C91BC942}") = "TypeAnalysis", "TypeAnalysis\TypeAnalysis.vcxproj", "{0E432C5D-2C64-42EC-ABE9-3870C51DC009}"
EndProject
Project("{8BC9CEB8-8B4A-11D0-8D11-00A0C91BC942}") = "ThreadPool", "ThreadPool\ThreadPool.vcxproj", "{08DBFEB7-2360-4B39-B191-817A901028C7}"
EndProject
Project("{8BC9CEB8-8B4A-11D0-8D11-00A0C91BC942}") = "Tasks", "Tasks\Tasks.vcxproj", "{6E3B7753-3383-4BFC-8B81-A80DE5A143D7}"
EndProject
Project("{8BC9CEB8-8B4A-11D0-8D11-00A0C91BC942}") = "RulesAndActions", "RulesAndActions\RulesAndActions.vcxproj", "{CB0574B6-8074-4E66-9035-325C3556D18E}"
EndProject
Project("{8BC9CEB8-8B4A-11D0-8D11-00A0C91BC942}") = "DependencyAnalysis", "DependencyAnalysis\DependencyAnalysis.vcxproj", "{C9CCA02C-3E38-4132-8835-F225F43B3D2C}"
EndProject
Project("{8BC9CEB8-8B4A-11D0-8D11-00A0C91BC942}") = "ParallelDependencyAnalysis", "ParallelDependencyAnalysis\ParallelDependencyAnalysis.vcxproj", "{89981804-12F2-495D-BC5F-348C10ED59B3}"
EndProject
Project("{8BC9CEB8-8B4A-11D0-8D11-00A0C91BC942}") = "Display", "Display\Display.vcxproj", "{B188E520-993C-43DE-880D-687E7FD46975}"
EndProject
Project("{8BC9CEB8-8B4A-11D0-8D11-00A0C91BC942}") = "ServerRepository", "ServerRepository\ServerRepository.vcxproj", "{0C40829B-9AD3-48EB-8208-D3573D577F4C}"
EndProject
Project("{8BC9CEB8-8B4A-11D0-8D11-00A0C91BC942}") = "XmlParser", "XMLEngine\XMLEngine.vcxproj", "{0808B7CD-3DB0-4A4B-A32F-5C5E6C39A289}"
EndProject
Project("{8BC9CEB8-8B4A-11D0-8D11-00A0C91BC942}") = "RemoteSupport", "RemoteSupport\RemoteSupport.vcxproj", "{773702B2-B88F-4917-9DC9-E70B6999615A}"
EndProject
Project("{8BC9CEB8-8B4A-11D0-8D11-00A0C91BC942}") = "Client", "Client\Client.vcxproj", "{098FE518-8F25-413C-A186-9C11A7A320DA}"
EndProject
Project("{8BC9CEB8-8B4A-11D0-8D11-00A0C91BC942}") = "ClientSupport", "ClientSupport\ClientSupport.vcxproj", "{0ED4E480-6FD0-4974-A1D6-9B87058BB8EC}"
EndProject
Global
	GlobalSection(SolutionConfigurationPlatforms) = preSolution
		Debug|x64 = Debug|x64
		Debug|x86 = Debug|x86
		Release|x64 = Release|x64
		Release|x86 = Release|x86
	EndGlobalSection
	GlobalSection(ProjectConfigurationPlatforms) = postSolution
		{C1131546-C8AE-4A24-A866-4A28DFDB72B9}.Debug|x64.ActiveCfg = Debug|x64
		{C1131546-C8AE-4A24-A866-4A28DFDB72B9}.Debug|x64.Build.0 = Debug|x64
		{C1131546-C8AE-4A24-A866-4A28DFDB72B9}.Debug|x86.ActiveCfg = Debug|Win32
		{C1131546-C8AE-4A24-A866-4A28DFDB72B9}.Debug|x86.Build.0 = Debug|Win32
		{C1131546-C8AE-4A24-A866-4A28DFDB72B9}.Release|x64.ActiveCfg = Release|x64
		{C1131546-C8AE-4A24-A866-4A28DFDB72B9}.Release|x64.Build.0 = Release|x64
		{C1131546-C8AE-4A24-A866-4A28DFDB72B9}.Release|x86.ActiveCfg = Release|Win32
		{C1131546-C8AE-4A24-A866-4A28DFDB72B9}.Release|x86.Build.0 = Release|Win32
		{FD63AD3D-4A25-4F5C-BD43-1E19192357F2}.Debug|x64.ActiveCfg = Debug|x64
		{FD63AD3D-4A25-4F5C-BD43-1E19192357F2}.Debug|x64.Build.0 = Debug|x64
		{FD63AD3D-4A25-4F5C-BD43-1E19192357F2}.Debug|x86.ActiveCfg = Debug|Win32
		{FD63AD3D-4A25-4F5C-BD43-1E19192357F2}.Debug|x86.Build.0 = Debug|Win32
		{FD63AD3D-4A25-4F5C-BD43-1E19192357F2}.Release|x64.ActiveCfg = Release|Win32
		{FD63AD3D-4A25-4F5C-BD43-1E19192357F2}.Release|x86.ActiveCfg = Release|Win32
		{FD63AD3D-4A25-4F5C-BD43-1E19192357F2}.Release|x86.Build.0 = Release|Win32
		{462B43B2-8B13-4178-BF2A-903F76F1985C}.Debug|x64.ActiveCfg = Debug|x64
		{462B43B2-8B13-4178-BF2A-903F76F1985C}.Debug|x64.Build.0 = Debug|x64
		{462B43B2-8B13-4178-BF2A-903F76F1985C}.Debug|x86.ActiveCfg = Debug|Win32
		{462B43B2-8B13-4178-BF2A-903F76F1985C}.Debug|x86.Build.0 = Debug|Win32
		{462B43B2-8B13-4178-BF2A-903F76F1985C}.Release|x64.ActiveCfg = Release|x64
		{462B43B2-8B13-4178-BF2A-903F76F1985C}.Release|x64.Build.0 = Release|x64
		{462B43B2-8B13-4178-BF2A-903F76F1985C}.Release|x86.ActiveCfg = Release|Win32
		{462B43B2-8B13-4178-BF2A-903F76F1985C}.Release|x86.Build.0 = Release|Win32
		{25FA2272-CE49-48F3-99DC-54F40F531D4F}.Debug|x64.ActiveCfg = Debug|x64
		{25FA2272-CE49-48F3-99DC-54F40F531D4F}.Debug|x64.Build.0 = Debug|x64
		{25FA2272-CE49-48F3-99DC-54F40F531D4F}.Debug|x86.ActiveCfg = Debug|Win32
		{25FA2272-CE49-48F3-99DC-54F40F531D4F}.Debug|x86.Build.0 = Debug|Win32
		{25FA2272-CE49-48F3-99DC-54F40F531D4F}.Release|x64.ActiveCfg = Release|x64
		{25FA2272-CE49-48F3-99DC-54F40F531D4F}.Release|x64.Build.0 = Release|x64
		{25FA2272-CE49-48F3-99DC-54F40F531D4F}.Release|x86.ActiveCfg = Release|Win32
		{25FA2272-CE49-48F3-99DC-54F40F531D4F}.Release|x86.Build.0 = Release|Win32
		{C82E5AAA-C68E-4C54-8D06-7E0F89440E56}.Debug|x64.ActiveCfg = Debug|x64
		{C82E5AAA-C68E-4C54-8D06-7E0F89440E56}.Debug|x64.Build.0 = Debug|x64
		{C82E5AAA-C68E-4C54-8D06-7E0F89440E56}.Debug|x86.ActiveCfg = Debug|Win32
		{C82E5AAA-C68E-4C54-8D06-7E0F89440E56}.Debug|x86.Build.0 = Debug|Win32
		{C82E5AAA-C68E-4C54-8D06-7E0F89440E56}.Release|x64.ActiveCfg = Release|x64
		{C82E5AAA-C68E-4C54-8D06-7E0F89440E56}.Release|x64.Build.0 = Release|x64
		{C82E5AAA-C68E-4C54-8D06-7E0F89440E56}.Release|x86.ActiveCfg = Release|Win32
		{C82E5AAA-C68E-4C54-8D06-7E0F89440E56}.Release|x86.Build.0 = Release|Win32
		{0E432C5D-2C64-42EC-ABE9-3870C51DC009}.Debug|x64.ActiveCfg = Debug|x64
		{0E432C5D-2C64-42EC-ABE9-3870C51DC009}.Debug|x64.Build.0 = Debug|x64
		{0E432C5D-2C64-42EC-ABE9-3870C51DC009}.Debug|x86.ActiveCfg = Debug|Win32
		{0E432C5D-2C64-42EC-ABE9-3870C51DC009}.Debug|x86.Build.0 = Debug|Win32
		{0E432C5D-2C64-42EC-ABE9-3870C51DC009}.Release|x64.ActiveCfg = Release|x64
		{0E432C5D-2C64-42EC-ABE9-3870C51DC009}.Release|x64.Build.0 = Release|x64
		{0E432C5D-2C64-42EC-ABE9-3870C51DC009}.Release|x86.ActiveCfg = Release|Win32
		{0E432C5D-2C64-42EC-ABE9-3870C51DC009}.Release|x86.Build.0 = Release|Win32
		{08DBFEB7-2360-4B39-B191-817A901028C7}.Debug|x64.ActiveCfg = Debug|x64
		{08DBFEB7-2360-4B39-B191-817A901028C7}.Debug|x64.Build.0 = Debug|x64
		{08DBFEB7-2360-4B39-B191-817A901028C7}.Debug|x86.ActiveCfg = Debug|Win32
		{08DBFEB7-2360-4B39-B191-817A901028C7}.Debug|x86.Build.0 = Debug|Win32
		{08DBFEB7-2360-4B39-B191-817A901028C7}.Release|x64.ActiveCfg = Release|x64
		{08DBFEB7-2360-4B39-B191-817A901028C7}.Release|x64.Build.0 = Release|x64
		{08DBFEB7-2360-4B39-B191-817A901028C7}.Release|x86.ActiveCfg = Release|Win32
		{08DBFEB7-2360-4B39-B191-817A901028C7}.Release|x86.Build.0 = Release|Win32
		{6E3B7753-3383-4BFC-8B81-A80DE5A143D7}.Debug|x64.ActiveCfg = Debug|x64
		{6E3B7753-3383-4BFC-8B81-A80DE5A143D7}.Debug|x64.Build.0 = Debug|x64
		{6E3B7753-3383-4BFC-8B81-A80DE5A143D7}.Debug|x86.ActiveCfg = Debug|Win32
		{6E3B7753-3383-4BFC-8B81-A80DE5A143D7}.Debug|x86.Build.0 = Debug|Win32
		{6E3B7753-3383-4BFC-8B81-A80DE5A143D7}.Release|x64.ActiveCfg = Release|x64
		{6E3B7753-3383-4BFC-8B81-A80DE5A143D7}.Release|x64.Build.0 = Release|x64
		{6E3B7753-3383-4BFC-8B81-A80DE5A143D7}.Release|x86.ActiveCfg = Release|Win32
		{6E3B7753-3383-4BFC-8B81-A80DE5A143D7}.Release|x86.Build.0 = Release|Win32
		{CB0574B6-8074-4E66-9035-325C3556D18E}.Debug|x64.ActiveCfg = Debug|x64
		{CB0574B6-8074-4E66-9035-325C3556D18E}.Debug|x64.Build.0 = Debug|x64
		{CB0574B6-8074-4E66-9035-325C3556D18E}.Debug|x86.ActiveCfg = Debug|Win32
		{CB0574B6-8074-4E66-9035-325C3556D18E}.Debug|x86.Build.0 = Debug|Win32
		{CB0574B6-8074-4E66-9035-325C3556D18E}.Release|x64.ActiveCfg = Release|x64
		{CB0574B6-8074-4E66-9035-325C3556D18E}.Release|x64.Build.0 = Release|x64
		{CB0574B6-8074-4E66-9035-325C3556D18E}.Release|x86.ActiveCfg = Release|Win32
		{CB0574B6-8074-4E66-9035-325C3556D18E}.Release|x86.Build.0 = Release|Win32
		{C9CCA02C-3E38-4132-8835-F225F43B3D2C}.Debug|x64.ActiveCfg = Debug|x64
		{C9CCA02C-3E38-4132-8835-F225F43B3D2C}.Debug|x64.Build.0 = Debug|x64
		{C9CCA02C-3E38-4132-8835-F225F43B3D2C}.Debug|x86.ActiveCfg = Debug|Win32
		{C9CCA02C-3E38-4132-8835-F225F43B3D2C}.Debug|x86.Build.0 = Debug|Win32
		{C9CCA02C-3E38-4132-8835-F225F43B3D2C}.Release|x64.ActiveCfg = Release|x64
		{C9CCA02C-3E38-4132-8835-F225F43B3D2C}.Release|x64.Build.0 = Release|x64
		{C9CCA02C-3E38-4132-8835-F225F43B3D2C}.Release|x86.ActiveCfg = Release|Win32
		{C9CCA02C-3E38-4132-8835-F225F43B3D2C}.Release|x86.Build.0 = Release|Win32
		{89981804-12F2-495D-BC5F-348C10ED59B3}.Debug|x64.ActiveCfg = Debug|x64
		{89981804-12F2-495D-BC5F-348C10ED59B3}.Debug|x64.Build.0 = Debug|x64
		{89981804-12F2-495D-BC5F-348C10ED59B3}.Debug|x86.ActiveCfg = Debug|Win32
		{89981804-12F2-495D-BC5F-348C10ED59B3}.Debug|x86.Build.0 = Debug|Win32
		{89981804-12F2-495D-BC5F-348C10ED59B3}.Release|x64.ActiveCfg = Release|x64
		{89981804-12F2-495D-BC5F-348C10ED59B3}.Release|x64.Build.0 = Release|x64
		{89981804-12F2-495D-BC5F-348C10ED59B3}.Release|x86.ActiveCfg = Release|Win32
		{89981804-12F2-495D-BC5F-348C10ED59B3}.Release|x86.Build.0 = Release|Win32
		{B188E520-993C-43DE-880D-687E7FD46975}.Debug|x64.ActiveCfg = Debug|x64
		{B188E520-993C-43DE-880D-687E7FD46975}.Debug|x64.Build.0 = Debug|x64
		{B188E520-993C-43DE-880D-687E7FD46975}.Debug|x86.ActiveCfg = Debug|Win32
		{B188E520-993C-43DE-880D-687E7FD46975}.Debug|x86.Build.0 = Debug|Win32
		{B188E520-993C-43DE-880D-687E7FD46975}.Release|x64.ActiveCfg = Release|x64
		{B188E520-993C-43DE-880D-687E7FD46975}.Release|x64.Build.0 = Release|x64
		{B188E520-993C-43DE-880D-687E7FD46975}.Release|x86.ActiveCfg = Release|Win32
		{B188E520-993C-43DE-880D-687E7FD46975}.Release|x86.Build.0 = Release|Win32
		{0C40829B-9AD3-48EB-8208-D3573D577F4C}.Debug|x64.ActiveCfg = Debug|x64
		{0C40829B-9AD3-48EB-8208-D3573D577F4C}.Debug|x64.Build.0 = Debug|x64
		{0C40829B-9AD3-48EB-8208-D3573D577F4C}.Debug|x86.ActiveCfg = Debug|Win32
		{0C40829B-9AD3-48EB-8208-D3573D577F4C}.Debug|x86.Build.0 = Debug|Win32
		{0C40829B-9AD3-48EB-8208-D3573D577F4C}.Release|x64.ActiveCfg = Release|x64
		{0C40829B-9AD3-48EB-8208-D3573D577F4C}.Release|x64.Build.0 = Release|x64
		{0C40829B-9AD3-48EB-8208-D3573D577F4C}.Release|x86.ActiveCfg = Release|Win32
		{0C40829B-9AD3-48EB-8208-D3573D577F4C}.Release|x86.Build.0 = Release|Win32
		{0808B7CD-3DB0-4A4B-A32F-5C5E6C39A289}.Debug|x64.ActiveCfg = Debug|x64
		{0808B7CD-3DB0-4A4B-A32F-5C5E6C39A289}.Debug|x64.Build.0 = Debug|x64
		{0808B7CD-3DB0-4A4B-A32F-5C5E6C39A289}.Debug|x86.ActiveCfg = Debug|Win32
		{0808B7CD-3DB0-4A4B-A32F-5C5E6C39A289}.Debug|x86.Build.0 = Debug|Win32
		{0808B7CD-3DB0-4A4B-A32F-5C5E6C39A289}.Release|x64.ActiveCfg = Release|x64
		{0808B7CD-3DB0-4A4B-A32F-5C5E6C39A289}.Release|x64.Build.0 = Release|x64
		{0808B7CD-3DB0-4A4B-A32F-5C5E6C39A289}.Release|x86.ActiveCfg = Release|Win32
		{0808B7CD-3DB0-4A4B-A32F-5C5E6C39A289}.Release|x86.Build.0 = Release|Win32
		{773702B2-B88F-4917-9DC9-E70B6999615A}.Debug|x64.ActiveCfg = Debug|x64
		{773702B2-B88F-4917-9DC9-E70B6999615A}.Debug|x64.Build.0 = Debug|x64
		{773702B2-B88F-4917-9DC9-E70B6999615A}.Debug|x86.ActiveCfg = Debug|Win32
		{773702B2-B88F-4917-9DC9-E70B6999615A}.Debug|x86.Build.0 = Debug|Win32
		{773702B2-B88F-4917-9DC9-E70B6999615A}.Release|x64.ActiveCfg = Release|x64
		{773702B2-B88F-4917-9DC9-E70B6999615A}.Release|x64.Build.0 = Release|x64
		{773702B2-B88F-4917-9DC9-E70B6999615A}.Release|x86.ActiveCfg = Release|Win32
		{773702B2-B88F-4917-9DC9-E70B6999615A}.Release|x86.Build.0 = Release|Win32
		{098FE518-8F25-413C-A186-9C11A7A320DA}.Debug|x64.ActiveCfg = Debug|x64
		{098FE518-8F25-413C-A186-9C11A7A320DA}.Debug|x64.Build.0 = Debug|x64
		{098FE518-8F25-413C-A186-9C11A7A320DA}.Debug|x86.ActiveCfg = Debug|Win32
		{098FE518-8F25-413C-A186-9C11A7A320DA}.Debug|x86.Build.0 = Debug|Win32
		{098FE518-8F25-413C-A186-9C11A7A320DA}.Release|x64.ActiveCfg = Release|x64
		{098FE518-8F25-413C-A186-9C11A7A320DA}.Release|x64.Build.0 = Release|x64
		{098FE518-8F25-413C-A186-9C11A7A320DA}.Release|x86.ActiveCfg = Release|Win32
		{098FE518-8F25-413C-A186-9C11A7A320DA}.Release|x86.Build.0 = Release|Win32
		{0ED4E480-6FD0-4974-A1D6-9B87058BB8EC}.Debug|x64.ActiveCfg = Debug|x64
		{0ED4E480-6FD0-4974-A1D6-9B87058BB8EC}.Debug|x64.Build.0 = Debug|x64
		{0ED4E480-6FD0-4974-A1D6-9B87058BB8EC}.Debug|x86.ActiveCfg = Debug|Win32
		{0ED4E480-6FD0-4974-A1D6-9B87058BB8EC}.Debug|x86.Build.0 = Debug|Win32
		{0ED4E480-6FD0-4974-A1D6-9B87058BB8EC}.Release|x64.ActiveCfg = Release|x64
		{0ED4E480-6FD0-4974-A1D6-9B87058BB8EC}.Release|x64.Build.0 = Release|x64
		{0ED4E480-6FD0-4974-A1D6-9B87058BB8EC}.Release|x86.ActiveCfg = Release|Win32
		{0ED4E480-6FD0-4974-A1D6-9B87058BB8EC}.Release|x86.Build.0 = Release|Win32
	EndGlobalSection
	GlobalSection(SolutionProperties) = preSolution
		HideSolutionNode = FALSE
	EndGlobalSection
EndGlobal
